
Microsoft Visual Studio Solution File, Format Version 12.00
# Visual Studio Version 17
VisualStudioVersion = 17.7.34031.279
MinimumVisualStudioVersion = 10.0.40219.1
Project("{9A19103F-16F7-4668-BE54-9A1E7A4F7556}") = "FinTrac", "FinTrac\FinTrac.csproj", "{EF15D95F-F707-4496-A25C-771C6B00623F}"
EndProject
Project("{9A19103F-16F7-4668-BE54-9A1E7A4F7556}") = "BusinessLogic", "BusinessLogic\BusinessLogic.csproj", "{B38A27EE-693B-4850-B2B3-EFD5FCAA933F}"
EndProject
Project("{9A19103F-16F7-4668-BE54-9A1E7A4F7556}") = "BusinessLogicTests", "ProjectTests\BusinessLogicTests.csproj", "{BA1E578A-2005-48D6-951A-732E8584ADF0}"
EndProject
Global
	GlobalSection(SolutionConfigurationPlatforms) = preSolution
		Debug|Any CPU = Debug|Any CPU
		Release|Any CPU = Release|Any CPU
	EndGlobalSection
	GlobalSection(ProjectConfigurationPlatforms) = postSolution
		{EF15D95F-F707-4496-A25C-771C6B00623F}.Debug|Any CPU.ActiveCfg = Debug|Any CPU
		{EF15D95F-F707-4496-A25C-771C6B00623F}.Debug|Any CPU.Build.0 = Debug|Any CPU
		{EF15D95F-F707-4496-A25C-771C6B00623F}.Release|Any CPU.ActiveCfg = Release|Any CPU
		{EF15D95F-F707-4496-A25C-771C6B00623F}.Release|Any CPU.Build.0 = Release|Any CPU
		{B38A27EE-693B-4850-B2B3-EFD5FCAA933F}.Debug|Any CPU.ActiveCfg = Debug|Any CPU
		{B38A27EE-693B-4850-B2B3-EFD5FCAA933F}.Debug|Any CPU.Build.0 = Debug|Any CPU
		{B38A27EE-693B-4850-B2B3-EFD5FCAA933F}.Release|Any CPU.ActiveCfg = Release|Any CPU
		{B38A27EE-693B-4850-B2B3-EFD5FCAA933F}.Release|Any CPU.Build.0 = Release|Any CPU
		{BA1E578A-2005-48D6-951A-732E8584ADF0}.Debug|Any CPU.ActiveCfg = Debug|Any CPU
		{BA1E578A-2005-48D6-951A-732E8584ADF0}.Debug|Any CPU.Build.0 = Debug|Any CPU
		{BA1E578A-2005-48D6-951A-732E8584ADF0}.Release|Any CPU.ActiveCfg = Release|Any CPU
		{BA1E578A-2005-48D6-951A-732E8584ADF0}.Release|Any CPU.Build.0 = Release|Any CPU
	EndGlobalSection
	GlobalSection(SolutionProperties) = preSolution
		HideSolutionNode = FALSE
	EndGlobalSection
	GlobalSection(ExtensibilityGlobals) = postSolution
		SolutionGuid = {B018153C-0052-48B4-91D1-69337CDAA209}
	EndGlobalSection
EndGlobal
