
Microsoft Visual Studio Solution File, Format Version 12.00
# Visual Studio Version 17
VisualStudioVersion = 17.7.34031.279
MinimumVisualStudioVersion = 10.0.40219.1
Project("{9A19103F-16F7-4668-BE54-9A1E7A4F7556}") = "FinTrac", "FinTrac\FinTrac.csproj", "{EF15D95F-F707-4496-A25C-771C6B00623F}"
EndProject
Project("{9A19103F-16F7-4668-BE54-9A1E7A4F7556}") = "BusinessLogic", "BusinessLogic\BusinessLogic.csproj", "{B38A27EE-693B-4850-B2B3-EFD5FCAA933F}"
EndProject
Project("{9A19103F-16F7-4668-BE54-9A1E7A4F7556}") = "BusinessLogicTests", "ProjectTests\BusinessLogicTests.csproj", "{BA1E578A-2005-48D6-951A-732E8584ADF0}"
EndProject
Project("{9A19103F-16F7-4668-BE54-9A1E7A4F7556}") = "DataManagers", "DataManagers\DataManagers.csproj", "{9E6A30CE-7DEF-472C-B82E-EF0967C41069}"
EndProject
Project("{9A19103F-16F7-4668-BE54-9A1E7A4F7556}") = "DataManagersTests", "DataManagersTests\DataManagersTests.csproj", "{7CAC122B-0190-40BC-9E51-7ADFD27B06F4}"
EndProject
Project("{9A19103F-16F7-4668-BE54-9A1E7A4F7556}") = "Controller", "Controller\Controller.csproj", "{76F97A5B-A4CC-4928-9579-74DB4956580F}"
EndProject
Project("{FAE04EC0-301F-11D3-BF4B-00C04F79EFBC}") = "ControllerTests", "ControllerTests\ControllerTests.csproj", "{2BE5775D-7C10-4EFE-949D-0FAA8474815C}"
EndProject
Global
	GlobalSection(SolutionConfigurationPlatforms) = preSolution
		Debug|Any CPU = Debug|Any CPU
		Release|Any CPU = Release|Any CPU
	EndGlobalSection
	GlobalSection(ProjectConfigurationPlatforms) = postSolution
		{EF15D95F-F707-4496-A25C-771C6B00623F}.Debug|Any CPU.ActiveCfg = Debug|Any CPU
		{EF15D95F-F707-4496-A25C-771C6B00623F}.Debug|Any CPU.Build.0 = Debug|Any CPU
		{EF15D95F-F707-4496-A25C-771C6B00623F}.Release|Any CPU.ActiveCfg = Release|Any CPU
		{EF15D95F-F707-4496-A25C-771C6B00623F}.Release|Any CPU.Build.0 = Release|Any CPU
		{B38A27EE-693B-4850-B2B3-EFD5FCAA933F}.Debug|Any CPU.ActiveCfg = Debug|Any CPU
		{B38A27EE-693B-4850-B2B3-EFD5FCAA933F}.Debug|Any CPU.Build.0 = Debug|Any CPU
		{B38A27EE-693B-4850-B2B3-EFD5FCAA933F}.Release|Any CPU.ActiveCfg = Release|Any CPU
		{B38A27EE-693B-4850-B2B3-EFD5FCAA933F}.Release|Any CPU.Build.0 = Release|Any CPU
		{BA1E578A-2005-48D6-951A-732E8584ADF0}.Debug|Any CPU.ActiveCfg = Debug|Any CPU
		{BA1E578A-2005-48D6-951A-732E8584ADF0}.Debug|Any CPU.Build.0 = Debug|Any CPU
		{BA1E578A-2005-48D6-951A-732E8584ADF0}.Release|Any CPU.ActiveCfg = Release|Any CPU
		{BA1E578A-2005-48D6-951A-732E8584ADF0}.Release|Any CPU.Build.0 = Release|Any CPU
		{9E6A30CE-7DEF-472C-B82E-EF0967C41069}.Debug|Any CPU.ActiveCfg = Debug|Any CPU
		{9E6A30CE-7DEF-472C-B82E-EF0967C41069}.Debug|Any CPU.Build.0 = Debug|Any CPU
		{9E6A30CE-7DEF-472C-B82E-EF0967C41069}.Release|Any CPU.ActiveCfg = Release|Any CPU
		{9E6A30CE-7DEF-472C-B82E-EF0967C41069}.Release|Any CPU.Build.0 = Release|Any CPU
		{7CAC122B-0190-40BC-9E51-7ADFD27B06F4}.Debug|Any CPU.ActiveCfg = Debug|Any CPU
		{7CAC122B-0190-40BC-9E51-7ADFD27B06F4}.Debug|Any CPU.Build.0 = Debug|Any CPU
		{7CAC122B-0190-40BC-9E51-7ADFD27B06F4}.Release|Any CPU.ActiveCfg = Release|Any CPU
		{7CAC122B-0190-40BC-9E51-7ADFD27B06F4}.Release|Any CPU.Build.0 = Release|Any CPU
		{76F97A5B-A4CC-4928-9579-74DB4956580F}.Debug|Any CPU.ActiveCfg = Debug|Any CPU
		{76F97A5B-A4CC-4928-9579-74DB4956580F}.Debug|Any CPU.Build.0 = Debug|Any CPU
		{76F97A5B-A4CC-4928-9579-74DB4956580F}.Release|Any CPU.ActiveCfg = Release|Any CPU
		{76F97A5B-A4CC-4928-9579-74DB4956580F}.Release|Any CPU.Build.0 = Release|Any CPU
		{2BE5775D-7C10-4EFE-949D-0FAA8474815C}.Debug|Any CPU.ActiveCfg = Debug|Any CPU
		{2BE5775D-7C10-4EFE-949D-0FAA8474815C}.Debug|Any CPU.Build.0 = Debug|Any CPU
		{2BE5775D-7C10-4EFE-949D-0FAA8474815C}.Release|Any CPU.ActiveCfg = Release|Any CPU
		{2BE5775D-7C10-4EFE-949D-0FAA8474815C}.Release|Any CPU.Build.0 = Release|Any CPU
	EndGlobalSection
	GlobalSection(SolutionProperties) = preSolution
		HideSolutionNode = FALSE
	EndGlobalSection
	GlobalSection(ExtensibilityGlobals) = postSolution
		SolutionGuid = {B018153C-0052-48B4-91D1-69337CDAA209}
	EndGlobalSection
EndGlobal
